uuid: 96235152-82bc-4ed8-a4ab-b79415d19b20
langcode: en
status: true
dependencies:
  module:
    - block_field
    - paragraphs
id: paragraph.field_custom_block
field_name: field_custom_block
entity_type: paragraph
type: block_field
settings: {  }
module: block_field
locked: false
cardinality: 1
translatable: true
indexes: {  }
persist_with_no_fields: false
custom_storage: false
