uuid: 1c000181-3465-43e2-a76a-dc5393d605a0
langcode: en
status: true
dependencies:
  config:
    - field.storage.paragraph.field_views_block
    - paragraphs.paragraphs_type.blocks_embed
  module:
    - viewsreference
id: paragraph.blocks_embed.field_views_block
field_name: field_views_block
entity_type: paragraph
bundle: blocks_embed
label: 'Views Block'
description: ''
required: false
translatable: false
default_value: {  }
default_value_callback: ''
settings:
  handler: 'default:view'
  handler_settings:
    target_bundles: null
    auto_create: 0
  plugin_types:
    block: block
    default: 0
    page: 0
    feed: 0
    embed: 0
  preselect_views:
    block_content: 0
    content: 0
    content_recent: 0
    files: 0
    frontpage: 0
    taxonomy_term: 0
    user_admin_people: 0
    watchdog: 0
    webform_submissions: 0
    who_s_new: 0
    who_s_online: 0
field_type: viewsreference
